
Microsoft Visual Studio Solution File, Format Version 10.00
# Visual Studio 2008
Project("{8BC9CEB8-8B4A-11D0-8D11-00A0C91BC942}") = "AssistantDll", "AssistantDll\AssistantDll.vcproj", "{23EC8F49-1AC4-4036-B92E-9346A0525122}"
EndProject
Project("{2150E333-8FDC-42A3-9474-1A3956D46DE8}") = "Framework", "Framework", "{8440B83B-758F-4B52-BD90-DDD723AF8469}"
EndProject
Project("{2150E333-8FDC-42A3-9474-1A3956D46DE8}") = "Modules", "Modules", "{CF75BF3F-0A01-45EE-8DEB-AECC0EECD518}"
EndProject
Project("{8BC9CEB8-8B4A-11D0-8D11-00A0C91BC942}") = "ABL", "Framework\ABL\ABL.vcproj", "{D9495E35-6B5E-4E83-8207-21DB73573C10}"
	ProjectSection(ProjectDependencies) = postProject
		{A80CD726-03AA-4FDF-B5AE-1050DE368392} = {A80CD726-03AA-4FDF-B5AE-1050DE368392}
		{23EC8F49-1AC4-4036-B92E-9346A0525122} = {23EC8F49-1AC4-4036-B92E-9346A0525122}
		{2A7D556A-C78A-4CE9-857C-0BE0C8FFC45F} = {2A7D556A-C78A-4CE9-857C-0BE0C8FFC45F}
	EndProjectSection
EndProject
Project("{8BC9CEB8-8B4A-11D0-8D11-00A0C91BC942}") = "Singleton", "Framework\Singleton\Singleton.vcproj", "{2A7D556A-C78A-4CE9-857C-0BE0C8FFC45F}"
EndProject
Project("{8BC9CEB8-8B4A-11D0-8D11-00A0C91BC942}") = "TaskManager", "Framework\TaskManager\TaskManager.vcproj", "{585B8896-997B-43A9-8049-B0390CF1A12B}"
	ProjectSection(ProjectDependencies) = postProject
		{23EC8F49-1AC4-4036-B92E-9346A0525122} = {23EC8F49-1AC4-4036-B92E-9346A0525122}
		{2A7D556A-C78A-4CE9-857C-0BE0C8FFC45F} = {2A7D556A-C78A-4CE9-857C-0BE0C8FFC45F}
	EndProjectSection
EndProject
Project("{8BC9CEB8-8B4A-11D0-8D11-00A0C91BC942}") = "ApplicationModule", "Modules\ApplicationModule\Application.vcproj", "{D450435D-AEB6-4DCA-9175-60B48FA36F39}"
	ProjectSection(ProjectDependencies) = postProject
		{23EC8F49-1AC4-4036-B92E-9346A0525122} = {23EC8F49-1AC4-4036-B92E-9346A0525122}
		{14C1E961-25F4-4AFD-B10A-B858FB6EBDCB} = {14C1E961-25F4-4AFD-B10A-B858FB6EBDCB}
		{2A7D556A-C78A-4CE9-857C-0BE0C8FFC45F} = {2A7D556A-C78A-4CE9-857C-0BE0C8FFC45F}
		{585B8896-997B-43A9-8049-B0390CF1A12B} = {585B8896-997B-43A9-8049-B0390CF1A12B}
	EndProjectSection
EndProject
Project("{8BC9CEB8-8B4A-11D0-8D11-00A0C91BC942}") = "BackUpAndRestoreModule", "Modules\BackUpAndRestoreModule\BackUpAndRestore.vcproj", "{DDC022EB-CA8A-440B-A28A-6A64BD892B23}"
	ProjectSection(ProjectDependencies) = postProject
		{D9495E35-6B5E-4E83-8207-21DB73573C10} = {D9495E35-6B5E-4E83-8207-21DB73573C10}
		{23EC8F49-1AC4-4036-B92E-9346A0525122} = {23EC8F49-1AC4-4036-B92E-9346A0525122}
		{14C1E961-25F4-4AFD-B10A-B858FB6EBDCB} = {14C1E961-25F4-4AFD-B10A-B858FB6EBDCB}
		{2A7D556A-C78A-4CE9-857C-0BE0C8FFC45F} = {2A7D556A-C78A-4CE9-857C-0BE0C8FFC45F}
		{956FEDDA-010C-49F5-87AB-F1E28FA29E75} = {956FEDDA-010C-49F5-87AB-F1E28FA29E75}
	EndProjectSection
EndProject
Project("{8BC9CEB8-8B4A-11D0-8D11-00A0C91BC942}") = "FileManagerModule", "Modules\FileManagerModule\FileManager.vcproj", "{4A311FE1-0A8A-499E-A6D6-82BE45D3694D}"
	ProjectSection(ProjectDependencies) = postProject
		{D9495E35-6B5E-4E83-8207-21DB73573C10} = {D9495E35-6B5E-4E83-8207-21DB73573C10}
		{23EC8F49-1AC4-4036-B92E-9346A0525122} = {23EC8F49-1AC4-4036-B92E-9346A0525122}
		{14C1E961-25F4-4AFD-B10A-B858FB6EBDCB} = {14C1E961-25F4-4AFD-B10A-B858FB6EBDCB}
		{2A7D556A-C78A-4CE9-857C-0BE0C8FFC45F} = {2A7D556A-C78A-4CE9-857C-0BE0C8FFC45F}
	EndProjectSection
EndProject
Project("{8BC9CEB8-8B4A-11D0-8D11-00A0C91BC942}") = "InstallCaseModule", "Modules\InstallCaseModule\InstallCase.vcproj", "{A708B95E-CF82-4D23-8B0B-FC5312C1DCC2}"
	ProjectSection(ProjectDependencies) = postProject
		{23EC8F49-1AC4-4036-B92E-9346A0525122} = {23EC8F49-1AC4-4036-B92E-9346A0525122}
		{14C1E961-25F4-4AFD-B10A-B858FB6EBDCB} = {14C1E961-25F4-4AFD-B10A-B858FB6EBDCB}
		{2A7D556A-C78A-4CE9-857C-0BE0C8FFC45F} = {2A7D556A-C78A-4CE9-857C-0BE0C8FFC45F}
		{585B8896-997B-43A9-8049-B0390CF1A12B} = {585B8896-997B-43A9-8049-B0390CF1A12B}
		{FC558AC2-91D0-41EF-BEF9-96BC15332268} = {FC558AC2-91D0-41EF-BEF9-96BC15332268}
	EndProjectSection
EndProject
Project("{8BC9CEB8-8B4A-11D0-8D11-00A0C91BC942}") = "RecentInstallCaseModule", "Modules\RecentInstallCaseModule\RecentInstallCaseModule.vcproj", "{3DF3E689-F9E7-402A-A886-2F1AC7FA33E3}"
	ProjectSection(ProjectDependencies) = postProject
		{23EC8F49-1AC4-4036-B92E-9346A0525122} = {23EC8F49-1AC4-4036-B92E-9346A0525122}
		{14C1E961-25F4-4AFD-B10A-B858FB6EBDCB} = {14C1E961-25F4-4AFD-B10A-B858FB6EBDCB}
		{2A7D556A-C78A-4CE9-857C-0BE0C8FFC45F} = {2A7D556A-C78A-4CE9-857C-0BE0C8FFC45F}
		{585B8896-997B-43A9-8049-B0390CF1A12B} = {585B8896-997B-43A9-8049-B0390CF1A12B}
		{FC558AC2-91D0-41EF-BEF9-96BC15332268} = {FC558AC2-91D0-41EF-BEF9-96BC15332268}
	EndProjectSection
EndProject
Project("{8BC9CEB8-8B4A-11D0-8D11-00A0C91BC942}") = "TaskCenterModule", "Modules\TaskCenterModule\TaskCenterModule.vcproj", "{0DD20C69-63AD-471F-B2A5-336A2DC891DE}"
	ProjectSection(ProjectDependencies) = postProject
		{D9495E35-6B5E-4E83-8207-21DB73573C10} = {D9495E35-6B5E-4E83-8207-21DB73573C10}
		{14C1E961-25F4-4AFD-B10A-B858FB6EBDCB} = {14C1E961-25F4-4AFD-B10A-B858FB6EBDCB}
		{2A7D556A-C78A-4CE9-857C-0BE0C8FFC45F} = {2A7D556A-C78A-4CE9-857C-0BE0C8FFC45F}
		{585B8896-997B-43A9-8049-B0390CF1A12B} = {585B8896-997B-43A9-8049-B0390CF1A12B}
	EndProjectSection
EndProject
Project("{8BC9CEB8-8B4A-11D0-8D11-00A0C91BC942}") = "UserCenterModule", "Modules\UserCenterModule\UserCenterModule.vcproj", "{45697EAF-BDF2-4BE2-88C1-6788EBB4DF2E}"
	ProjectSection(ProjectDependencies) = postProject
		{D9495E35-6B5E-4E83-8207-21DB73573C10} = {D9495E35-6B5E-4E83-8207-21DB73573C10}
		{23EC8F49-1AC4-4036-B92E-9346A0525122} = {23EC8F49-1AC4-4036-B92E-9346A0525122}
		{14C1E961-25F4-4AFD-B10A-B858FB6EBDCB} = {14C1E961-25F4-4AFD-B10A-B858FB6EBDCB}
		{2A7D556A-C78A-4CE9-857C-0BE0C8FFC45F} = {2A7D556A-C78A-4CE9-857C-0BE0C8FFC45F}
	EndProjectSection
EndProject
Project("{8BC9CEB8-8B4A-11D0-8D11-00A0C91BC942}") = "WebResourceModule", "Modules\WebResourceModule\WebResource.vcproj", "{1765ABA3-ECEE-4D22-A50C-7D5F786E15A2}"
	ProjectSection(ProjectDependencies) = postProject
		{D9495E35-6B5E-4E83-8207-21DB73573C10} = {D9495E35-6B5E-4E83-8207-21DB73573C10}
		{23EC8F49-1AC4-4036-B92E-9346A0525122} = {23EC8F49-1AC4-4036-B92E-9346A0525122}
		{14C1E961-25F4-4AFD-B10A-B858FB6EBDCB} = {14C1E961-25F4-4AFD-B10A-B858FB6EBDCB}
		{2A7D556A-C78A-4CE9-857C-0BE0C8FFC45F} = {2A7D556A-C78A-4CE9-857C-0BE0C8FFC45F}
	EndProjectSection
EndProject
Project("{8BC9CEB8-8B4A-11D0-8D11-00A0C91BC942}") = "CommonUI", "Framework\CommonUI\CommonUI.vcproj", "{14C1E961-25F4-4AFD-B10A-B858FB6EBDCB}"
	ProjectSection(ProjectDependencies) = postProject
		{2A7D556A-C78A-4CE9-857C-0BE0C8FFC45F} = {2A7D556A-C78A-4CE9-857C-0BE0C8FFC45F}
	EndProjectSection
EndProject
Project("{8BC9CEB8-8B4A-11D0-8D11-00A0C91BC942}") = "ModuleManager", "Modules\ModuleManager\ModuleManager.vcproj", "{FEC9255E-4B7A-4F74-99AF-63EE211B359E}"
	ProjectSection(ProjectDependencies) = postProject
		{80752619-BBBF-4906-BBE9-D7AFAA288270} = {80752619-BBBF-4906-BBE9-D7AFAA288270}
		{D9495E35-6B5E-4E83-8207-21DB73573C10} = {D9495E35-6B5E-4E83-8207-21DB73573C10}
		{A708B95E-CF82-4D23-8B0B-FC5312C1DCC2} = {A708B95E-CF82-4D23-8B0B-FC5312C1DCC2}
		{14C1E961-25F4-4AFD-B10A-B858FB6EBDCB} = {14C1E961-25F4-4AFD-B10A-B858FB6EBDCB}
		{0DD20C69-63AD-471F-B2A5-336A2DC891DE} = {0DD20C69-63AD-471F-B2A5-336A2DC891DE}
		{2A7D556A-C78A-4CE9-857C-0BE0C8FFC45F} = {2A7D556A-C78A-4CE9-857C-0BE0C8FFC45F}
		{585B8896-997B-43A9-8049-B0390CF1A12B} = {585B8896-997B-43A9-8049-B0390CF1A12B}
		{1765ABA3-ECEE-4D22-A50C-7D5F786E15A2} = {1765ABA3-ECEE-4D22-A50C-7D5F786E15A2}
		{45697EAF-BDF2-4BE2-88C1-6788EBB4DF2E} = {45697EAF-BDF2-4BE2-88C1-6788EBB4DF2E}
		{03A260B9-299B-40D4-B635-13477A52667B} = {03A260B9-299B-40D4-B635-13477A52667B}
		{956FEDDA-010C-49F5-87AB-F1E28FA29E75} = {956FEDDA-010C-49F5-87AB-F1E28FA29E75}
	EndProjectSection
EndProject
Project("{8BC9CEB8-8B4A-11D0-8D11-00A0C91BC942}") = "DeviceCenterModule", "Modules\DeviceCenterModule\DeviceCenter.vcproj", "{03A260B9-299B-40D4-B635-13477A52667B}"
	ProjectSection(ProjectDependencies) = postProject
		{B2F46117-5DE8-43C1-BE10-CF8018D94DD1} = {B2F46117-5DE8-43C1-BE10-CF8018D94DD1}
		{119B4A42-BE9A-4B5C-A3B4-518CC6C73C69} = {119B4A42-BE9A-4B5C-A3B4-518CC6C73C69}
		{D450435D-AEB6-4DCA-9175-60B48FA36F39} = {D450435D-AEB6-4DCA-9175-60B48FA36F39}
		{14C1E961-25F4-4AFD-B10A-B858FB6EBDCB} = {14C1E961-25F4-4AFD-B10A-B858FB6EBDCB}
		{2A7D556A-C78A-4CE9-857C-0BE0C8FFC45F} = {2A7D556A-C78A-4CE9-857C-0BE0C8FFC45F}
		{3DF3E689-F9E7-402A-A886-2F1AC7FA33E3} = {3DF3E689-F9E7-402A-A886-2F1AC7FA33E3}
		{4A311FE1-0A8A-499E-A6D6-82BE45D3694D} = {4A311FE1-0A8A-499E-A6D6-82BE45D3694D}
		{DDC022EB-CA8A-440B-A28A-6A64BD892B23} = {DDC022EB-CA8A-440B-A28A-6A64BD892B23}
	EndProjectSection
EndProject
Project("{8BC9CEB8-8B4A-11D0-8D11-00A0C91BC942}") = "ConnectGuideModule", "Modules\ConnectGuideModule\ConnectGuide.vcproj", "{119B4A42-BE9A-4B5C-A3B4-518CC6C73C69}"
	ProjectSection(ProjectDependencies) = postProject
		{14C1E961-25F4-4AFD-B10A-B858FB6EBDCB} = {14C1E961-25F4-4AFD-B10A-B858FB6EBDCB}
		{2A7D556A-C78A-4CE9-857C-0BE0C8FFC45F} = {2A7D556A-C78A-4CE9-857C-0BE0C8FFC45F}
	EndProjectSection
EndProject
Project("{8BC9CEB8-8B4A-11D0-8D11-00A0C91BC942}") = "DeviceInfoModule", "Modules\DeviceInfoModule\DeviceInfo.vcproj", "{B2F46117-5DE8-43C1-BE10-CF8018D94DD1}"
	ProjectSection(ProjectDependencies) = postProject
		{14C1E961-25F4-4AFD-B10A-B858FB6EBDCB} = {14C1E961-25F4-4AFD-B10A-B858FB6EBDCB}
		{2A7D556A-C78A-4CE9-857C-0BE0C8FFC45F} = {2A7D556A-C78A-4CE9-857C-0BE0C8FFC45F}
		{3DF3E689-F9E7-402A-A886-2F1AC7FA33E3} = {3DF3E689-F9E7-402A-A886-2F1AC7FA33E3}
		{6BB5BAC1-D640-4281-89E4-E2A2C732E61C} = {6BB5BAC1-D640-4281-89E4-E2A2C732E61C}
	EndProjectSection
EndProject
Project("{8BC9CEB8-8B4A-11D0-8D11-00A0C91BC942}") = "FuncCenterModule", "Modules\FuncCenterModule\FuncCenter.vcproj", "{6BB5BAC1-D640-4281-89E4-E2A2C732E61C}"
	ProjectSection(ProjectDependencies) = postProject
		{14C1E961-25F4-4AFD-B10A-B858FB6EBDCB} = {14C1E961-25F4-4AFD-B10A-B858FB6EBDCB}
		{2A7D556A-C78A-4CE9-857C-0BE0C8FFC45F} = {2A7D556A-C78A-4CE9-857C-0BE0C8FFC45F}
	EndProjectSection
EndProject
Project("{8BC9CEB8-8B4A-11D0-8D11-00A0C91BC942}") = "AssistantInstallManager", "Framework\AssistantInstallManager\AssistantInstallManager.vcproj", "{80752619-BBBF-4906-BBE9-D7AFAA288270}"
	ProjectSection(ProjectDependencies) = postProject
		{23EC8F49-1AC4-4036-B92E-9346A0525122} = {23EC8F49-1AC4-4036-B92E-9346A0525122}
		{14C1E961-25F4-4AFD-B10A-B858FB6EBDCB} = {14C1E961-25F4-4AFD-B10A-B858FB6EBDCB}
		{2A7D556A-C78A-4CE9-857C-0BE0C8FFC45F} = {2A7D556A-C78A-4CE9-857C-0BE0C8FFC45F}
	EndProjectSection
EndProject
Project("{8BC9CEB8-8B4A-11D0-8D11-00A0C91BC942}") = "DataBaseManager", "Framework\DataBaseManager\DataBaseManager.vcproj", "{FC558AC2-91D0-41EF-BEF9-96BC15332268}"
	ProjectSection(ProjectDependencies) = postProject
		{23EC8F49-1AC4-4036-B92E-9346A0525122} = {23EC8F49-1AC4-4036-B92E-9346A0525122}
		{2A7D556A-C78A-4CE9-857C-0BE0C8FFC45F} = {2A7D556A-C78A-4CE9-857C-0BE0C8FFC45F}
	EndProjectSection
EndProject
Project("{8BC9CEB8-8B4A-11D0-8D11-00A0C91BC942}") = "NetInterfaceManager", "Framework\NetInterfaceManager\NetInterfaceManager.vcproj", "{A80CD726-03AA-4FDF-B5AE-1050DE368392}"
	ProjectSection(ProjectDependencies) = postProject
		{23EC8F49-1AC4-4036-B92E-9346A0525122} = {23EC8F49-1AC4-4036-B92E-9346A0525122}
		{2A7D556A-C78A-4CE9-857C-0BE0C8FFC45F} = {2A7D556A-C78A-4CE9-857C-0BE0C8FFC45F}
	EndProjectSection
EndProject
Project("{8BC9CEB8-8B4A-11D0-8D11-00A0C91BC942}") = "Distributor", "Distributor\Distributor.vcproj", "{A6B446EF-B873-4F2C-AF04-CB6EB32A94FB}"
	ProjectSection(ProjectDependencies) = postProject
		{FEC9255E-4B7A-4F74-99AF-63EE211B359E} = {FEC9255E-4B7A-4F74-99AF-63EE211B359E}
		{14C1E961-25F4-4AFD-B10A-B858FB6EBDCB} = {14C1E961-25F4-4AFD-B10A-B858FB6EBDCB}
		{2A7D556A-C78A-4CE9-857C-0BE0C8FFC45F} = {2A7D556A-C78A-4CE9-857C-0BE0C8FFC45F}
	EndProjectSection
EndProject
Project("{8BC9CEB8-8B4A-11D0-8D11-00A0C91BC942}") = "DependenceFuncModule", "Modules\DependenceFuncModule\DependenceFuncCenter.vcproj", "{956FEDDA-010C-49F5-87AB-F1E28FA29E75}"
	ProjectSection(ProjectDependencies) = postProject
		{23EC8F49-1AC4-4036-B92E-9346A0525122} = {23EC8F49-1AC4-4036-B92E-9346A0525122}
		{14C1E961-25F4-4AFD-B10A-B858FB6EBDCB} = {14C1E961-25F4-4AFD-B10A-B858FB6EBDCB}
		{2A7D556A-C78A-4CE9-857C-0BE0C8FFC45F} = {2A7D556A-C78A-4CE9-857C-0BE0C8FFC45F}
	EndProjectSection
EndProject
Project("{8BC9CEB8-8B4A-11D0-8D11-00A0C91BC942}") = "Utility", "Framework\Utility\Utility.vcproj", "{C3E27BAF-36B7-419D-B8F7-3371022F7D61}"
EndProject
Global
	GlobalSection(SolutionConfigurationPlatforms) = preSolution
		debug_DLL|Win32 = debug_DLL|Win32
		Debug|Win32 = Debug|Win32
		release_DLL|Win32 = release_DLL|Win32
		Release|Win32 = Release|Win32
	EndGlobalSection
	GlobalSection(ProjectConfigurationPlatforms) = postSolution
		{23EC8F49-1AC4-4036-B92E-9346A0525122}.debug_DLL|Win32.ActiveCfg = debug_DLL|Win32
		{23EC8F49-1AC4-4036-B92E-9346A0525122}.debug_DLL|Win32.Build.0 = debug_DLL|Win32
		{23EC8F49-1AC4-4036-B92E-9346A0525122}.Debug|Win32.ActiveCfg = debug_DLL|Win32
		{23EC8F49-1AC4-4036-B92E-9346A0525122}.Debug|Win32.Build.0 = debug_DLL|Win32
		{23EC8F49-1AC4-4036-B92E-9346A0525122}.release_DLL|Win32.ActiveCfg = release_DLL|Win32
		{23EC8F49-1AC4-4036-B92E-9346A0525122}.release_DLL|Win32.Build.0 = release_DLL|Win32
		{23EC8F49-1AC4-4036-B92E-9346A0525122}.Release|Win32.ActiveCfg = release_DLL|Win32
		{23EC8F49-1AC4-4036-B92E-9346A0525122}.Release|Win32.Build.0 = release_DLL|Win32
		{D9495E35-6B5E-4E83-8207-21DB73573C10}.debug_DLL|Win32.ActiveCfg = Debug|Win32
		{D9495E35-6B5E-4E83-8207-21DB73573C10}.debug_DLL|Win32.Build.0 = Debug|Win32
		{D9495E35-6B5E-4E83-8207-21DB73573C10}.Debug|Win32.ActiveCfg = Debug|Win32
		{D9495E35-6B5E-4E83-8207-21DB73573C10}.Debug|Win32.Build.0 = Debug|Win32
		{D9495E35-6B5E-4E83-8207-21DB73573C10}.release_DLL|Win32.ActiveCfg = Release|Win32
		{D9495E35-6B5E-4E83-8207-21DB73573C10}.release_DLL|Win32.Build.0 = Release|Win32
		{D9495E35-6B5E-4E83-8207-21DB73573C10}.Release|Win32.ActiveCfg = Release|Win32
		{D9495E35-6B5E-4E83-8207-21DB73573C10}.Release|Win32.Build.0 = Release|Win32
		{2A7D556A-C78A-4CE9-857C-0BE0C8FFC45F}.debug_DLL|Win32.ActiveCfg = Debug|Win32
		{2A7D556A-C78A-4CE9-857C-0BE0C8FFC45F}.debug_DLL|Win32.Build.0 = Debug|Win32
		{2A7D556A-C78A-4CE9-857C-0BE0C8FFC45F}.Debug|Win32.ActiveCfg = Debug|Win32
		{2A7D556A-C78A-4CE9-857C-0BE0C8FFC45F}.Debug|Win32.Build.0 = Debug|Win32
		{2A7D556A-C78A-4CE9-857C-0BE0C8FFC45F}.release_DLL|Win32.ActiveCfg = Release|Win32
		{2A7D556A-C78A-4CE9-857C-0BE0C8FFC45F}.release_DLL|Win32.Build.0 = Release|Win32
		{2A7D556A-C78A-4CE9-857C-0BE0C8FFC45F}.Release|Win32.ActiveCfg = Release|Win32
		{2A7D556A-C78A-4CE9-857C-0BE0C8FFC45F}.Release|Win32.Build.0 = Release|Win32
		{585B8896-997B-43A9-8049-B0390CF1A12B}.debug_DLL|Win32.ActiveCfg = Debug|Win32
		{585B8896-997B-43A9-8049-B0390CF1A12B}.debug_DLL|Win32.Build.0 = Debug|Win32
		{585B8896-997B-43A9-8049-B0390CF1A12B}.Debug|Win32.ActiveCfg = Debug|Win32
		{585B8896-997B-43A9-8049-B0390CF1A12B}.Debug|Win32.Build.0 = Debug|Win32
		{585B8896-997B-43A9-8049-B0390CF1A12B}.release_DLL|Win32.ActiveCfg = Release|Win32
		{585B8896-997B-43A9-8049-B0390CF1A12B}.release_DLL|Win32.Build.0 = Release|Win32
		{585B8896-997B-43A9-8049-B0390CF1A12B}.Release|Win32.ActiveCfg = Release|Win32
		{585B8896-997B-43A9-8049-B0390CF1A12B}.Release|Win32.Build.0 = Release|Win32
		{D450435D-AEB6-4DCA-9175-60B48FA36F39}.debug_DLL|Win32.ActiveCfg = Debug|Win32
		{D450435D-AEB6-4DCA-9175-60B48FA36F39}.debug_DLL|Win32.Build.0 = Debug|Win32
		{D450435D-AEB6-4DCA-9175-60B48FA36F39}.Debug|Win32.ActiveCfg = Debug|Win32
		{D450435D-AEB6-4DCA-9175-60B48FA36F39}.Debug|Win32.Build.0 = Debug|Win32
		{D450435D-AEB6-4DCA-9175-60B48FA36F39}.release_DLL|Win32.ActiveCfg = Release|Win32
		{D450435D-AEB6-4DCA-9175-60B48FA36F39}.release_DLL|Win32.Build.0 = Release|Win32
		{D450435D-AEB6-4DCA-9175-60B48FA36F39}.Release|Win32.ActiveCfg = Release|Win32
		{D450435D-AEB6-4DCA-9175-60B48FA36F39}.Release|Win32.Build.0 = Release|Win32
		{DDC022EB-CA8A-440B-A28A-6A64BD892B23}.debug_DLL|Win32.ActiveCfg = Debug|Win32
		{DDC022EB-CA8A-440B-A28A-6A64BD892B23}.debug_DLL|Win32.Build.0 = Debug|Win32
		{DDC022EB-CA8A-440B-A28A-6A64BD892B23}.Debug|Win32.ActiveCfg = Debug|Win32
		{DDC022EB-CA8A-440B-A28A-6A64BD892B23}.Debug|Win32.Build.0 = Debug|Win32
		{DDC022EB-CA8A-440B-A28A-6A64BD892B23}.release_DLL|Win32.ActiveCfg = Release|Win32
		{DDC022EB-CA8A-440B-A28A-6A64BD892B23}.release_DLL|Win32.Build.0 = Release|Win32
		{DDC022EB-CA8A-440B-A28A-6A64BD892B23}.Release|Win32.ActiveCfg = Release|Win32
		{DDC022EB-CA8A-440B-A28A-6A64BD892B23}.Release|Win32.Build.0 = Release|Win32
		{4A311FE1-0A8A-499E-A6D6-82BE45D3694D}.debug_DLL|Win32.ActiveCfg = Debug|Win32
		{4A311FE1-0A8A-499E-A6D6-82BE45D3694D}.debug_DLL|Win32.Build.0 = Debug|Win32
		{4A311FE1-0A8A-499E-A6D6-82BE45D3694D}.Debug|Win32.ActiveCfg = Debug|Win32
		{4A311FE1-0A8A-499E-A6D6-82BE45D3694D}.Debug|Win32.Build.0 = Debug|Win32
		{4A311FE1-0A8A-499E-A6D6-82BE45D3694D}.release_DLL|Win32.ActiveCfg = Release|Win32
		{4A311FE1-0A8A-499E-A6D6-82BE45D3694D}.release_DLL|Win32.Build.0 = Release|Win32
		{4A311FE1-0A8A-499E-A6D6-82BE45D3694D}.Release|Win32.ActiveCfg = Release|Win32
		{4A311FE1-0A8A-499E-A6D6-82BE45D3694D}.Release|Win32.Build.0 = Release|Win32
		{A708B95E-CF82-4D23-8B0B-FC5312C1DCC2}.debug_DLL|Win32.ActiveCfg = Debug|Win32
		{A708B95E-CF82-4D23-8B0B-FC5312C1DCC2}.debug_DLL|Win32.Build.0 = Debug|Win32
		{A708B95E-CF82-4D23-8B0B-FC5312C1DCC2}.Debug|Win32.ActiveCfg = Debug|Win32
		{A708B95E-CF82-4D23-8B0B-FC5312C1DCC2}.Debug|Win32.Build.0 = Debug|Win32
		{A708B95E-CF82-4D23-8B0B-FC5312C1DCC2}.release_DLL|Win32.ActiveCfg = Release|Win32
		{A708B95E-CF82-4D23-8B0B-FC5312C1DCC2}.release_DLL|Win32.Build.0 = Release|Win32
		{A708B95E-CF82-4D23-8B0B-FC5312C1DCC2}.Release|Win32.ActiveCfg = Release|Win32
		{A708B95E-CF82-4D23-8B0B-FC5312C1DCC2}.Release|Win32.Build.0 = Release|Win32
		{3DF3E689-F9E7-402A-A886-2F1AC7FA33E3}.debug_DLL|Win32.ActiveCfg = Debug|Win32
		{3DF3E689-F9E7-402A-A886-2F1AC7FA33E3}.debug_DLL|Win32.Build.0 = Debug|Win32
		{3DF3E689-F9E7-402A-A886-2F1AC7FA33E3}.Debug|Win32.ActiveCfg = Debug|Win32
		{3DF3E689-F9E7-402A-A886-2F1AC7FA33E3}.Debug|Win32.Build.0 = Debug|Win32
		{3DF3E689-F9E7-402A-A886-2F1AC7FA33E3}.release_DLL|Win32.ActiveCfg = Release|Win32
		{3DF3E689-F9E7-402A-A886-2F1AC7FA33E3}.release_DLL|Win32.Build.0 = Release|Win32
		{3DF3E689-F9E7-402A-A886-2F1AC7FA33E3}.Release|Win32.ActiveCfg = Release|Win32
		{3DF3E689-F9E7-402A-A886-2F1AC7FA33E3}.Release|Win32.Build.0 = Release|Win32
		{0DD20C69-63AD-471F-B2A5-336A2DC891DE}.debug_DLL|Win32.ActiveCfg = Debug|Win32
		{0DD20C69-63AD-471F-B2A5-336A2DC891DE}.debug_DLL|Win32.Build.0 = Debug|Win32
		{0DD20C69-63AD-471F-B2A5-336A2DC891DE}.Debug|Win32.ActiveCfg = Debug|Win32
		{0DD20C69-63AD-471F-B2A5-336A2DC891DE}.Debug|Win32.Build.0 = Debug|Win32
		{0DD20C69-63AD-471F-B2A5-336A2DC891DE}.release_DLL|Win32.ActiveCfg = Release|Win32
		{0DD20C69-63AD-471F-B2A5-336A2DC891DE}.release_DLL|Win32.Build.0 = Release|Win32
		{0DD20C69-63AD-471F-B2A5-336A2DC891DE}.Release|Win32.ActiveCfg = Release|Win32
		{0DD20C69-63AD-471F-B2A5-336A2DC891DE}.Release|Win32.Build.0 = Release|Win32
		{45697EAF-BDF2-4BE2-88C1-6788EBB4DF2E}.debug_DLL|Win32.ActiveCfg = Debug|Win32
		{45697EAF-BDF2-4BE2-88C1-6788EBB4DF2E}.debug_DLL|Win32.Build.0 = Debug|Win32
		{45697EAF-BDF2-4BE2-88C1-6788EBB4DF2E}.Debug|Win32.ActiveCfg = Debug|Win32
		{45697EAF-BDF2-4BE2-88C1-6788EBB4DF2E}.Debug|Win32.Build.0 = Debug|Win32
		{45697EAF-BDF2-4BE2-88C1-6788EBB4DF2E}.release_DLL|Win32.ActiveCfg = Release|Win32
		{45697EAF-BDF2-4BE2-88C1-6788EBB4DF2E}.release_DLL|Win32.Build.0 = Release|Win32
		{45697EAF-BDF2-4BE2-88C1-6788EBB4DF2E}.Release|Win32.ActiveCfg = Release|Win32
		{45697EAF-BDF2-4BE2-88C1-6788EBB4DF2E}.Release|Win32.Build.0 = Release|Win32
		{1765ABA3-ECEE-4D22-A50C-7D5F786E15A2}.debug_DLL|Win32.ActiveCfg = Debug|Win32
		{1765ABA3-ECEE-4D22-A50C-7D5F786E15A2}.debug_DLL|Win32.Build.0 = Debug|Win32
		{1765ABA3-ECEE-4D22-A50C-7D5F786E15A2}.Debug|Win32.ActiveCfg = Debug|Win32
		{1765ABA3-ECEE-4D22-A50C-7D5F786E15A2}.Debug|Win32.Build.0 = Debug|Win32
		{1765ABA3-ECEE-4D22-A50C-7D5F786E15A2}.release_DLL|Win32.ActiveCfg = Release|Win32
		{1765ABA3-ECEE-4D22-A50C-7D5F786E15A2}.release_DLL|Win32.Build.0 = Release|Win32
		{1765ABA3-ECEE-4D22-A50C-7D5F786E15A2}.Release|Win32.ActiveCfg = Release|Win32
		{1765ABA3-ECEE-4D22-A50C-7D5F786E15A2}.Release|Win32.Build.0 = Release|Win32
		{14C1E961-25F4-4AFD-B10A-B858FB6EBDCB}.debug_DLL|Win32.ActiveCfg = Debug|Win32
		{14C1E961-25F4-4AFD-B10A-B858FB6EBDCB}.debug_DLL|Win32.Build.0 = Debug|Win32
		{14C1E961-25F4-4AFD-B10A-B858FB6EBDCB}.Debug|Win32.ActiveCfg = Debug|Win32
		{14C1E961-25F4-4AFD-B10A-B858FB6EBDCB}.Debug|Win32.Build.0 = Debug|Win32
		{14C1E961-25F4-4AFD-B10A-B858FB6EBDCB}.release_DLL|Win32.ActiveCfg = Release|Win32
		{14C1E961-25F4-4AFD-B10A-B858FB6EBDCB}.release_DLL|Win32.Build.0 = Release|Win32
		{14C1E961-25F4-4AFD-B10A-B858FB6EBDCB}.Release|Win32.ActiveCfg = Release|Win32
		{14C1E961-25F4-4AFD-B10A-B858FB6EBDCB}.Release|Win32.Build.0 = Release|Win32
		{FEC9255E-4B7A-4F74-99AF-63EE211B359E}.debug_DLL|Win32.ActiveCfg = Debug|Win32
		{FEC9255E-4B7A-4F74-99AF-63EE211B359E}.debug_DLL|Win32.Build.0 = Debug|Win32
		{FEC9255E-4B7A-4F74-99AF-63EE211B359E}.Debug|Win32.ActiveCfg = Debug|Win32
		{FEC9255E-4B7A-4F74-99AF-63EE211B359E}.Debug|Win32.Build.0 = Debug|Win32
		{FEC9255E-4B7A-4F74-99AF-63EE211B359E}.release_DLL|Win32.ActiveCfg = Release|Win32
		{FEC9255E-4B7A-4F74-99AF-63EE211B359E}.release_DLL|Win32.Build.0 = Release|Win32
		{FEC9255E-4B7A-4F74-99AF-63EE211B359E}.Release|Win32.ActiveCfg = Release|Win32
		{FEC9255E-4B7A-4F74-99AF-63EE211B359E}.Release|Win32.Build.0 = Release|Win32
		{03A260B9-299B-40D4-B635-13477A52667B}.debug_DLL|Win32.ActiveCfg = Debug|Win32
		{03A260B9-299B-40D4-B635-13477A52667B}.debug_DLL|Win32.Build.0 = Debug|Win32
		{03A260B9-299B-40D4-B635-13477A52667B}.Debug|Win32.ActiveCfg = Debug|Win32
		{03A260B9-299B-40D4-B635-13477A52667B}.Debug|Win32.Build.0 = Debug|Win32
		{03A260B9-299B-40D4-B635-13477A52667B}.release_DLL|Win32.ActiveCfg = Release|Win32
		{03A260B9-299B-40D4-B635-13477A52667B}.release_DLL|Win32.Build.0 = Release|Win32
		{03A260B9-299B-40D4-B635-13477A52667B}.Release|Win32.ActiveCfg = Release|Win32
		{03A260B9-299B-40D4-B635-13477A52667B}.Release|Win32.Build.0 = Release|Win32
		{119B4A42-BE9A-4B5C-A3B4-518CC6C73C69}.debug_DLL|Win32.ActiveCfg = Debug|Win32
		{119B4A42-BE9A-4B5C-A3B4-518CC6C73C69}.debug_DLL|Win32.Build.0 = Debug|Win32
		{119B4A42-BE9A-4B5C-A3B4-518CC6C73C69}.Debug|Win32.ActiveCfg = Debug|Win32
		{119B4A42-BE9A-4B5C-A3B4-518CC6C73C69}.Debug|Win32.Build.0 = Debug|Win32
		{119B4A42-BE9A-4B5C-A3B4-518CC6C73C69}.release_DLL|Win32.ActiveCfg = Release|Win32
		{119B4A42-BE9A-4B5C-A3B4-518CC6C73C69}.release_DLL|Win32.Build.0 = Release|Win32
		{119B4A42-BE9A-4B5C-A3B4-518CC6C73C69}.Release|Win32.ActiveCfg = Release|Win32
		{119B4A42-BE9A-4B5C-A3B4-518CC6C73C69}.Release|Win32.Build.0 = Release|Win32
		{B2F46117-5DE8-43C1-BE10-CF8018D94DD1}.debug_DLL|Win32.ActiveCfg = Debug|Win32
		{B2F46117-5DE8-43C1-BE10-CF8018D94DD1}.debug_DLL|Win32.Build.0 = Debug|Win32
		{B2F46117-5DE8-43C1-BE10-CF8018D94DD1}.Debug|Win32.ActiveCfg = Debug|Win32
		{B2F46117-5DE8-43C1-BE10-CF8018D94DD1}.Debug|Win32.Build.0 = Debug|Win32
		{B2F46117-5DE8-43C1-BE10-CF8018D94DD1}.release_DLL|Win32.ActiveCfg = Release|Win32
		{B2F46117-5DE8-43C1-BE10-CF8018D94DD1}.release_DLL|Win32.Build.0 = Release|Win32
		{B2F46117-5DE8-43C1-BE10-CF8018D94DD1}.Release|Win32.ActiveCfg = Release|Win32
		{B2F46117-5DE8-43C1-BE10-CF8018D94DD1}.Release|Win32.Build.0 = Release|Win32
		{6BB5BAC1-D640-4281-89E4-E2A2C732E61C}.debug_DLL|Win32.ActiveCfg = Debug|Win32
		{6BB5BAC1-D640-4281-89E4-E2A2C732E61C}.debug_DLL|Win32.Build.0 = Debug|Win32
		{6BB5BAC1-D640-4281-89E4-E2A2C732E61C}.Debug|Win32.ActiveCfg = Debug|Win32
		{6BB5BAC1-D640-4281-89E4-E2A2C732E61C}.Debug|Win32.Build.0 = Debug|Win32
		{6BB5BAC1-D640-4281-89E4-E2A2C732E61C}.release_DLL|Win32.ActiveCfg = Release|Win32
		{6BB5BAC1-D640-4281-89E4-E2A2C732E61C}.release_DLL|Win32.Build.0 = Release|Win32
		{6BB5BAC1-D640-4281-89E4-E2A2C732E61C}.Release|Win32.ActiveCfg = Release|Win32
		{6BB5BAC1-D640-4281-89E4-E2A2C732E61C}.Release|Win32.Build.0 = Release|Win32
		{80752619-BBBF-4906-BBE9-D7AFAA288270}.debug_DLL|Win32.ActiveCfg = Debug|Win32
		{80752619-BBBF-4906-BBE9-D7AFAA288270}.debug_DLL|Win32.Build.0 = Debug|Win32
		{80752619-BBBF-4906-BBE9-D7AFAA288270}.Debug|Win32.ActiveCfg = Debug|Win32
		{80752619-BBBF-4906-BBE9-D7AFAA288270}.Debug|Win32.Build.0 = Debug|Win32
		{80752619-BBBF-4906-BBE9-D7AFAA288270}.release_DLL|Win32.ActiveCfg = Release|Win32
		{80752619-BBBF-4906-BBE9-D7AFAA288270}.release_DLL|Win32.Build.0 = Release|Win32
		{80752619-BBBF-4906-BBE9-D7AFAA288270}.Release|Win32.ActiveCfg = Release|Win32
		{80752619-BBBF-4906-BBE9-D7AFAA288270}.Release|Win32.Build.0 = Release|Win32
		{FC558AC2-91D0-41EF-BEF9-96BC15332268}.debug_DLL|Win32.ActiveCfg = Debug|Win32
		{FC558AC2-91D0-41EF-BEF9-96BC15332268}.debug_DLL|Win32.Build.0 = Debug|Win32
		{FC558AC2-91D0-41EF-BEF9-96BC15332268}.Debug|Win32.ActiveCfg = Debug|Win32
		{FC558AC2-91D0-41EF-BEF9-96BC15332268}.Debug|Win32.Build.0 = Debug|Win32
		{FC558AC2-91D0-41EF-BEF9-96BC15332268}.release_DLL|Win32.ActiveCfg = Release|Win32
		{FC558AC2-91D0-41EF-BEF9-96BC15332268}.release_DLL|Win32.Build.0 = Release|Win32
		{FC558AC2-91D0-41EF-BEF9-96BC15332268}.Release|Win32.ActiveCfg = Release|Win32
		{FC558AC2-91D0-41EF-BEF9-96BC15332268}.Release|Win32.Build.0 = Release|Win32
		{A80CD726-03AA-4FDF-B5AE-1050DE368392}.debug_DLL|Win32.ActiveCfg = Debug|Win32
		{A80CD726-03AA-4FDF-B5AE-1050DE368392}.debug_DLL|Win32.Build.0 = Debug|Win32
		{A80CD726-03AA-4FDF-B5AE-1050DE368392}.Debug|Win32.ActiveCfg = Debug|Win32
		{A80CD726-03AA-4FDF-B5AE-1050DE368392}.Debug|Win32.Build.0 = Debug|Win32
		{A80CD726-03AA-4FDF-B5AE-1050DE368392}.release_DLL|Win32.ActiveCfg = Release|Win32
		{A80CD726-03AA-4FDF-B5AE-1050DE368392}.release_DLL|Win32.Build.0 = Release|Win32
		{A80CD726-03AA-4FDF-B5AE-1050DE368392}.Release|Win32.ActiveCfg = Release|Win32
		{A80CD726-03AA-4FDF-B5AE-1050DE368392}.Release|Win32.Build.0 = Release|Win32
		{A6B446EF-B873-4F2C-AF04-CB6EB32A94FB}.debug_DLL|Win32.ActiveCfg = Debug|Win32
		{A6B446EF-B873-4F2C-AF04-CB6EB32A94FB}.debug_DLL|Win32.Build.0 = Debug|Win32
		{A6B446EF-B873-4F2C-AF04-CB6EB32A94FB}.Debug|Win32.ActiveCfg = Debug|Win32
		{A6B446EF-B873-4F2C-AF04-CB6EB32A94FB}.Debug|Win32.Build.0 = Debug|Win32
		{A6B446EF-B873-4F2C-AF04-CB6EB32A94FB}.release_DLL|Win32.ActiveCfg = Release|Win32
		{A6B446EF-B873-4F2C-AF04-CB6EB32A94FB}.release_DLL|Win32.Build.0 = Release|Win32
		{A6B446EF-B873-4F2C-AF04-CB6EB32A94FB}.Release|Win32.ActiveCfg = Release|Win32
		{A6B446EF-B873-4F2C-AF04-CB6EB32A94FB}.Release|Win32.Build.0 = Release|Win32
		{956FEDDA-010C-49F5-87AB-F1E28FA29E75}.debug_DLL|Win32.ActiveCfg = Debug|Win32
		{956FEDDA-010C-49F5-87AB-F1E28FA29E75}.debug_DLL|Win32.Build.0 = Debug|Win32
		{956FEDDA-010C-49F5-87AB-F1E28FA29E75}.Debug|Win32.ActiveCfg = Debug|Win32
		{956FEDDA-010C-49F5-87AB-F1E28FA29E75}.Debug|Win32.Build.0 = Debug|Win32
		{956FEDDA-010C-49F5-87AB-F1E28FA29E75}.release_DLL|Win32.ActiveCfg = Release|Win32
		{956FEDDA-010C-49F5-87AB-F1E28FA29E75}.release_DLL|Win32.Build.0 = Release|Win32
		{956FEDDA-010C-49F5-87AB-F1E28FA29E75}.Release|Win32.ActiveCfg = Release|Win32
		{956FEDDA-010C-49F5-87AB-F1E28FA29E75}.Release|Win32.Build.0 = Release|Win32
		{C3E27BAF-36B7-419D-B8F7-3371022F7D61}.debug_DLL|Win32.ActiveCfg = Debug|Win32
		{C3E27BAF-36B7-419D-B8F7-3371022F7D61}.debug_DLL|Win32.Build.0 = Debug|Win32
		{C3E27BAF-36B7-419D-B8F7-3371022F7D61}.Debug|Win32.ActiveCfg = Debug|Win32
		{C3E27BAF-36B7-419D-B8F7-3371022F7D61}.Debug|Win32.Build.0 = Debug|Win32
		{C3E27BAF-36B7-419D-B8F7-3371022F7D61}.release_DLL|Win32.ActiveCfg = Release|Win32
		{C3E27BAF-36B7-419D-B8F7-3371022F7D61}.release_DLL|Win32.Build.0 = Release|Win32
		{C3E27BAF-36B7-419D-B8F7-3371022F7D61}.Release|Win32.ActiveCfg = Release|Win32
		{C3E27BAF-36B7-419D-B8F7-3371022F7D61}.Release|Win32.Build.0 = Release|Win32
	EndGlobalSection
	GlobalSection(SolutionProperties) = preSolution
		HideSolutionNode = FALSE
	EndGlobalSection
	GlobalSection(NestedProjects) = preSolution
		{D9495E35-6B5E-4E83-8207-21DB73573C10} = {8440B83B-758F-4B52-BD90-DDD723AF8469}
		{2A7D556A-C78A-4CE9-857C-0BE0C8FFC45F} = {8440B83B-758F-4B52-BD90-DDD723AF8469}
		{585B8896-997B-43A9-8049-B0390CF1A12B} = {8440B83B-758F-4B52-BD90-DDD723AF8469}
		{14C1E961-25F4-4AFD-B10A-B858FB6EBDCB} = {8440B83B-758F-4B52-BD90-DDD723AF8469}
		{80752619-BBBF-4906-BBE9-D7AFAA288270} = {8440B83B-758F-4B52-BD90-DDD723AF8469}
		{FC558AC2-91D0-41EF-BEF9-96BC15332268} = {8440B83B-758F-4B52-BD90-DDD723AF8469}
		{A80CD726-03AA-4FDF-B5AE-1050DE368392} = {8440B83B-758F-4B52-BD90-DDD723AF8469}
		{C3E27BAF-36B7-419D-B8F7-3371022F7D61} = {8440B83B-758F-4B52-BD90-DDD723AF8469}
		{D450435D-AEB6-4DCA-9175-60B48FA36F39} = {CF75BF3F-0A01-45EE-8DEB-AECC0EECD518}
		{DDC022EB-CA8A-440B-A28A-6A64BD892B23} = {CF75BF3F-0A01-45EE-8DEB-AECC0EECD518}
		{4A311FE1-0A8A-499E-A6D6-82BE45D3694D} = {CF75BF3F-0A01-45EE-8DEB-AECC0EECD518}
		{A708B95E-CF82-4D23-8B0B-FC5312C1DCC2} = {CF75BF3F-0A01-45EE-8DEB-AECC0EECD518}
		{3DF3E689-F9E7-402A-A886-2F1AC7FA33E3} = {CF75BF3F-0A01-45EE-8DEB-AECC0EECD518}
		{0DD20C69-63AD-471F-B2A5-336A2DC891DE} = {CF75BF3F-0A01-45EE-8DEB-AECC0EECD518}
		{45697EAF-BDF2-4BE2-88C1-6788EBB4DF2E} = {CF75BF3F-0A01-45EE-8DEB-AECC0EECD518}
		{1765ABA3-ECEE-4D22-A50C-7D5F786E15A2} = {CF75BF3F-0A01-45EE-8DEB-AECC0EECD518}
		{FEC9255E-4B7A-4F74-99AF-63EE211B359E} = {CF75BF3F-0A01-45EE-8DEB-AECC0EECD518}
		{03A260B9-299B-40D4-B635-13477A52667B} = {CF75BF3F-0A01-45EE-8DEB-AECC0EECD518}
		{119B4A42-BE9A-4B5C-A3B4-518CC6C73C69} = {CF75BF3F-0A01-45EE-8DEB-AECC0EECD518}
		{B2F46117-5DE8-43C1-BE10-CF8018D94DD1} = {CF75BF3F-0A01-45EE-8DEB-AECC0EECD518}
		{6BB5BAC1-D640-4281-89E4-E2A2C732E61C} = {CF75BF3F-0A01-45EE-8DEB-AECC0EECD518}
		{956FEDDA-010C-49F5-87AB-F1E28FA29E75} = {CF75BF3F-0A01-45EE-8DEB-AECC0EECD518}
	EndGlobalSection
EndGlobal
